%{
  "circuits_uart": {:hex, :circuits_uart, "1.3.1", "8c0a56f06828133a0b08363ecb994350a9529d388a912357d31829ae617cd801", [:mix], [{:elixir_make, "~> 0.4", [hex: :elixir_make, repo: "hexpm", optional: false]}], "hexpm"},
  "elixir_make": {:hex, :elixir_make, "0.5.2", "96a28c79f5b8d34879cd95ebc04d2a0d678cfbbd3e74c43cb63a76adf0ee8054", [:mix], [], "hexpm"},
  "firmata": {:git, "https://github.com/cambrian-era/firmata.git", "6fd322b0123edda5c7ef011e763e7c1e9d379abf", []},
  "intel_hex": {:hex, :intel_hex, "0.1.0", "a116198e95491a1bb9005bccb594b83855dfac4e92bffa17120be3991b17e8b4", [:mix], [], "hexpm"},
  "nerves_uart": {:hex, :nerves_uart, "0.1.2", "4310dbb1721a5a007b8e5c416cf81754415bde6b7e2c9aa65a059886b85e637c", [:make, :mix], [{:elixir_make, "~> 0.4", [hex: :elixir_make, repo: "hexpm", optional: false]}], "hexpm"},
}
